// !$*UTF8*$!
{
	archiveVersion = 1;
	classes = {
	};
	objectVersion = 77;
	objects = {

/* Begin PBXBuildFile section */
		D200912B2DE06CC400484665 /* RocketsModule.swift in Sources */ = {isa = PBXBuildFile; fileRef = D200912A2DE06CC400484665 /* RocketsModule.swift */; };
		D200912E2DE06CE800484665 /* RocketsViewModel.swift in Sources */ = {isa = PBXBuildFile; fileRef = D200912D2DE06CE800484665 /* RocketsViewModel.swift */; };
		D20091302DE06D3600484665 /* RocketsViewState.swift in Sources */ = {isa = PBXBuildFile; fileRef = D200912F2DE06D3600484665 /* RocketsViewState.swift */; };
		D20091322DE06D4400484665 /* RocketsUseCase.swift in Sources */ = {isa = PBXBuildFile; fileRef = D20091312DE06D4400484665 /* RocketsUseCase.swift */; };
		D20091342DE06D5200484665 /* RocketsRepository.swift in Sources */ = {isa = PBXBuildFile; fileRef = D20091332DE06D5200484665 /* RocketsRepository.swift */; };
		D20091362DE06FA900484665 /* RocketsController.swift in Sources */ = {isa = PBXBuildFile; fileRef = D20091352DE06FA900484665 /* RocketsController.swift */; };
		D200913B2DE0C02B00484665 /* BaseViewController.swift in Sources */ = {isa = PBXBuildFile; fileRef = D200913A2DE0C02B00484665 /* BaseViewController.swift */; };
		D200913D2DE0C0B600484665 /* RocketsView.swift in Sources */ = {isa = PBXBuildFile; fileRef = D200913C2DE0C0B600484665 /* RocketsView.swift */; };
		D20091402DE0C10700484665 /* SnapKit in Frameworks */ = {isa = PBXBuildFile; productRef = D200913F2DE0C10700484665 /* SnapKit */; };
		D20091442DE0C1CE00484665 /* BuildMethods.swift in Sources */ = {isa = PBXBuildFile; fileRef = D20091432DE0C1CE00484665 /* BuildMethods.swift */; };
		D20091472DE0C30F00484665 /* RocketCell.swift in Sources */ = {isa = PBXBuildFile; fileRef = D20091462DE0C30F00484665 /* RocketCell.swift */; };
		D200914B2DE12B0800484665 /* ViewControllerWrapper.swift in Sources */ = {isa = PBXBuildFile; fileRef = D200914A2DE12B0800484665 /* ViewControllerWrapper.swift */; };
		D200916C2DE1DA2200484665 /* UploadRouterProtocol.swift in Sources */ = {isa = PBXBuildFile; fileRef = D200915D2DE1DA2200484665 /* UploadRouterProtocol.swift */; };
		D200916D2DE1DA2200484665 /* Data+Extension.swift in Sources */ = {isa = PBXBuildFile; fileRef = D200914F2DE1DA2200484665 /* Data+Extension.swift */; };
		D200916E2DE1DA2200484665 /* UserDefaultsStore.swift in Sources */ = {isa = PBXBuildFile; fileRef = D20091662DE1DA2200484665 /* UserDefaultsStore.swift */; };
		D200916F2DE1DA2200484665 /* NetworkingAuthenticator.swift in Sources */ = {isa = PBXBuildFile; fileRef = D20091562DE1DA2200484665 /* NetworkingAuthenticator.swift */; };
		D20091702DE1DA2200484665 /* UIDevice+Extension.swift in Sources */ = {isa = PBXBuildFile; fileRef = D20091532DE1DA2200484665 /* UIDevice+Extension.swift */; };
		D20091712DE1DA2200484665 /* NetworkingError.swift in Sources */ = {isa = PBXBuildFile; fileRef = D20091572DE1DA2200484665 /* NetworkingError.swift */; };
		D20091722DE1DA2200484665 /* NetworkingTokenManager.swift in Sources */ = {isa = PBXBuildFile; fileRef = D20091682DE1DA2200484665 /* NetworkingTokenManager.swift */; };
		D20091732DE1DA2200484665 /* HTTPURLResponse+Extension.swift in Sources */ = {isa = PBXBuildFile; fileRef = D20091522DE1DA2200484665 /* HTTPURLResponse+Extension.swift */; };
		D20091742DE1DA2200484665 /* StoreProtocol.swift in Sources */ = {isa = PBXBuildFile; fileRef = D20091652DE1DA2200484665 /* StoreProtocol.swift */; };
		D20091752DE1DA2200484665 /* KeychainStore.swift in Sources */ = {isa = PBXBuildFile; fileRef = D20091642DE1DA2200484665 /* KeychainStore.swift */; };
		D20091762DE1DA2200484665 /* NetworkingSession.swift in Sources */ = {isa = PBXBuildFile; fileRef = D200915A2DE1DA2200484665 /* NetworkingSession.swift */; };
		D20091772DE1DA2200484665 /* NetworkingSessionProtocol.swift in Sources */ = {isa = PBXBuildFile; fileRef = D20091622DE1DA2200484665 /* NetworkingSessionProtocol.swift */; };
		D20091782DE1DA2200484665 /* NetworkingRouterProtocol.swift in Sources */ = {isa = PBXBuildFile; fileRef = D200915C2DE1DA2200484665 /* NetworkingRouterProtocol.swift */; };
		D20091792DE1DA2200484665 /* InterceptorProtocol.swift in Sources */ = {isa = PBXBuildFile; fileRef = D20091612DE1DA2200484665 /* InterceptorProtocol.swift */; };
		D200917A2DE1DA2200484665 /* AuthenticatorProtocol.swift in Sources */ = {isa = PBXBuildFile; fileRef = D200915F2DE1DA2200484665 /* AuthenticatorProtocol.swift */; };
		D200917B2DE1DA2200484665 /* NetworkingInterceptor.swift in Sources */ = {isa = PBXBuildFile; fileRef = D20091592DE1DA2200484665 /* NetworkingInterceptor.swift */; };
		D200917C2DE1DA2200484665 /* NetworkingEventMonitor.swift in Sources */ = {isa = PBXBuildFile; fileRef = D20091582DE1DA2200484665 /* NetworkingEventMonitor.swift */; };
		D200917D2DE1DA2200484665 /* Date+Extension.swift in Sources */ = {isa = PBXBuildFile; fileRef = D20091512DE1DA2200484665 /* Date+Extension.swift */; };
		D200917E2DE1DA2200484665 /* NetworkingTokenManagerProtocol.swift in Sources */ = {isa = PBXBuildFile; fileRef = D20091692DE1DA2200484665 /* NetworkingTokenManagerProtocol.swift */; };
		D200917F2DE1DA2200484665 /* URL+Extension.swift in Sources */ = {isa = PBXBuildFile; fileRef = D20091542DE1DA2200484665 /* URL+Extension.swift */; };
		D20091802DE1DA2200484665 /* BaseRestService.swift in Sources */ = {isa = PBXBuildFile; fileRef = D20091602DE1DA2200484665 /* BaseRestService.swift */; };
		D20091812DE1DA2200484665 /* DataRequest+Extension.swift in Sources */ = {isa = PBXBuildFile; fileRef = D20091502DE1DA2200484665 /* DataRequest+Extension.swift */; };
		D20091842DE1DA4400484665 /* RestClient.swift in Sources */ = {isa = PBXBuildFile; fileRef = D20091832DE1DA4400484665 /* RestClient.swift */; };
		D20091862DE1DA6400484665 /* MockableService.swift in Sources */ = {isa = PBXBuildFile; fileRef = D20091852DE1DA6400484665 /* MockableService.swift */; };
		D21C05E42DDE57D200E86B8F /* AppDelegate.swift in Sources */ = {isa = PBXBuildFile; fileRef = D21C05E32DDE57D200E86B8F /* AppDelegate.swift */; };
		D21C05E72DDE58C600E86B8F /* AppRoutes.swift in Sources */ = {isa = PBXBuildFile; fileRef = D21C05E62DDE58C600E86B8F /* AppRoutes.swift */; };
		D21C05EA2DDE58DB00E86B8F /* FlowStacks in Frameworks */ = {isa = PBXBuildFile; productRef = D21C05E92DDE58DB00E86B8F /* FlowStacks */; };
		D21C05EC2DDE593100E86B8F /* AppCoordinatorModule.swift in Sources */ = {isa = PBXBuildFile; fileRef = D21C05EB2DDE593100E86B8F /* AppCoordinatorModule.swift */; };
		D21C05EF2DDE595100E86B8F /* Container.swift in Sources */ = {isa = PBXBuildFile; fileRef = D21C05EE2DDE595100E86B8F /* Container.swift */; };
		D21C05F22DDE596400E86B8F /* Factory in Frameworks */ = {isa = PBXBuildFile; productRef = D21C05F12DDE596400E86B8F /* Factory */; };
		D21C05F82DDE597000E86B8F /* RestContainer.swift in Sources */ = {isa = PBXBuildFile; fileRef = D21C05F72DDE597000E86B8F /* RestContainer.swift */; };
		D21C05FA2DDE599B00E86B8F /* AppCoordinatorViewModel.swift in Sources */ = {isa = PBXBuildFile; fileRef = D21C05F92DDE599B00E86B8F /* AppCoordinatorViewModel.swift */; };
		D21C05FC2DDE59A200E86B8F /* AppCoordinator.swift in Sources */ = {isa = PBXBuildFile; fileRef = D21C05FB2DDE59A200E86B8F /* AppCoordinator.swift */; };
		D21C05FF2DDE5AD400E86B8F /* CancelBag.swift in Sources */ = {isa = PBXBuildFile; fileRef = D21C05FE2DDE5AD400E86B8F /* CancelBag.swift */; };
		D21C06072DDE5DC700E86B8F /* SplashView.swift in Sources */ = {isa = PBXBuildFile; fileRef = D21C06062DDE5DC700E86B8F /* SplashView.swift */; };
		D21C06092DDE5DD000E86B8F /* SignInView.swift in Sources */ = {isa = PBXBuildFile; fileRef = D21C06082DDE5DD000E86B8F /* SignInView.swift */; };
		D21C060B2DDE5DDC00E86B8F /* AuthViewModel.swift in Sources */ = {isa = PBXBuildFile; fileRef = D21C060A2DDE5DDC00E86B8F /* AuthViewModel.swift */; };
		D21C060D2DDE5DEA00E86B8F /* AuthViewState.swift in Sources */ = {isa = PBXBuildFile; fileRef = D21C060C2DDE5DEA00E86B8F /* AuthViewState.swift */; };
		D21C060F2DDE5DF500E86B8F /* AuthUseCase.swift in Sources */ = {isa = PBXBuildFile; fileRef = D21C060E2DDE5DF500E86B8F /* AuthUseCase.swift */; };
		D21C06132DDE5E0400E86B8F /* AuthRepository.swift in Sources */ = {isa = PBXBuildFile; fileRef = D21C06122DDE5E0400E86B8F /* AuthRepository.swift */; };
		D21C061F2DDE5F2900E86B8F /* GoogleSignIn in Frameworks */ = {isa = PBXBuildFile; productRef = D21C061E2DDE5F2900E86B8F /* GoogleSignIn */; };
		D21C06212DDE5F2900E86B8F /* GoogleSignInSwift in Frameworks */ = {isa = PBXBuildFile; productRef = D21C06202DDE5F2900E86B8F /* GoogleSignInSwift */; };
		D21C06272DDE609000E86B8F /* UIApplication+Extension.swift in Sources */ = {isa = PBXBuildFile; fileRef = D21C06262DDE609000E86B8F /* UIApplication+Extension.swift */; };
		D21C06292DDE621600E86B8F /* AuthModule.swift in Sources */ = {isa = PBXBuildFile; fileRef = D21C06282DDE621600E86B8F /* AuthModule.swift */; };
		D21C062F2DDE950100E86B8F /* GoogleService-Info.plist in Resources */ = {isa = PBXBuildFile; fileRef = D21C062E2DDE950100E86B8F /* GoogleService-Info.plist */; };
		D22434262DDD36930098C888 /* Assets.xcassets in Resources */ = {isa = PBXBuildFile; fileRef = D22434232DDD36930098C888 /* Assets.xcassets */; };
		D22434272DDD36930098C888 /* RocketsXApp.swift in Sources */ = {isa = PBXBuildFile; fileRef = D22434252DDD36930098C888 /* RocketsXApp.swift */; };
		D24C3BCB2DDE52CC00A3EE00 /* FirebaseAuth in Frameworks */ = {isa = PBXBuildFile; productRef = D24C3BCA2DDE52CC00A3EE00 /* FirebaseAuth */; };
		D24C3BCD2DDE52CC00A3EE00 /* FirebaseCore in Frameworks */ = {isa = PBXBuildFile; productRef = D24C3BCC2DDE52CC00A3EE00 /* FirebaseCore */; };
		D29778122DDF3EC400E54CD4 /* Localize.strings in Resources */ = {isa = PBXBuildFile; fileRef = D29778102DDF3EC400E54CD4 /* Localize.strings */; };
		D297781A2DDFB93800E54CD4 /* AppStrings.generated.swift in Sources */ = {isa = PBXBuildFile; fileRef = D29778182DDFB93800E54CD4 /* AppStrings.generated.swift */; };
		D297781C2DDFB9F700E54CD4 /* LocalizeKeys.swift in Sources */ = {isa = PBXBuildFile; fileRef = D297781B2DDFB9F700E54CD4 /* LocalizeKeys.swift */; };
		D2B67DF32DE1E1310040F795 /* RestRocketsService.swift in Sources */ = {isa = PBXBuildFile; fileRef = D2B67DF12DE1E1310040F795 /* RestRocketsService.swift */; };
		D2B67DF42DE1E1310040F795 /* MockRocketsService.swift in Sources */ = {isa = PBXBuildFile; fileRef = D2B67DF02DE1E1310040F795 /* MockRocketsService.swift */; };
		D2B67DF52DE1E1310040F795 /* RocketsService.swift in Sources */ = {isa = PBXBuildFile; fileRef = D2B67DF22DE1E1310040F795 /* RocketsService.swift */; };
		D2B67DFA2DE202C90040F795 /* ReqRocketsModel.swift in Sources */ = {isa = PBXBuildFile; fileRef = D2B67DF92DE202C90040F795 /* ReqRocketsModel.swift */; };
		D2B67DFC2DE202E40040F795 /* ResRocketModel.swift in Sources */ = {isa = PBXBuildFile; fileRef = D2B67DFB2DE202E40040F795 /* ResRocketModel.swift */; };
		D2B67E012DE205BB0040F795 /* Alamofire in Frameworks */ = {isa = PBXBuildFile; productRef = D2B67E002DE205BB0040F795 /* Alamofire */; };
		D2B67E062DE205F60040F795 /* JWTDecode in Frameworks */ = {isa = PBXBuildFile; productRef = D2B67E052DE205F60040F795 /* JWTDecode */; };
		D2B67E092DE2062B0040F795 /* KeychainAccess in Frameworks */ = {isa = PBXBuildFile; productRef = D2B67E082DE2062B0040F795 /* KeychainAccess */; };
		D2B67E0C2DE23E710040F795 /* RocketEntity.swift in Sources */ = {isa = PBXBuildFile; fileRef = D2B67E0B2DE23E710040F795 /* RocketEntity.swift */; };
		D2B67E102DE23EC70040F795 /* RocketStorage.swift in Sources */ = {isa = PBXBuildFile; fileRef = D2B67E0F2DE23EC70040F795 /* RocketStorage.swift */; };
		D2B67E152DE33EF60040F795 /* RestAuthService.swift in Sources */ = {isa = PBXBuildFile; fileRef = D2B67E142DE33EF60040F795 /* RestAuthService.swift */; };
		D2B67E1A2DE371F60040F795 /* LaunchesModule.swift in Sources */ = {isa = PBXBuildFile; fileRef = D2B67E192DE371F60040F795 /* LaunchesModule.swift */; };
		D2B67E1C2DE371FE0040F795 /* LaunchesViewModel.swift in Sources */ = {isa = PBXBuildFile; fileRef = D2B67E1B2DE371FE0040F795 /* LaunchesViewModel.swift */; };
		D2B67E1E2DE372090040F795 /* LaunchesViewState.swift in Sources */ = {isa = PBXBuildFile; fileRef = D2B67E1D2DE372090040F795 /* LaunchesViewState.swift */; };
		D2B67E202DE372140040F795 /* LaunchesUseCase.swift in Sources */ = {isa = PBXBuildFile; fileRef = D2B67E1F2DE372140040F795 /* LaunchesUseCase.swift */; };
		D2B67E222DE372220040F795 /* LaunchesRepository.swift in Sources */ = {isa = PBXBuildFile; fileRef = D2B67E212DE372220040F795 /* LaunchesRepository.swift */; };
		D2B67E242DE372300040F795 /* LaunchesView.swift in Sources */ = {isa = PBXBuildFile; fileRef = D2B67E232DE372300040F795 /* LaunchesView.swift */; };
		D2B67E2B2DE3AECB0040F795 /* LaunchRowView.swift in Sources */ = {isa = PBXBuildFile; fileRef = D2B67E2A2DE3AECB0040F795 /* LaunchRowView.swift */; };
		D2B67E302DE3AF610040F795 /* MockLaunchesService.swift in Sources */ = {isa = PBXBuildFile; fileRef = D2B67E2E2DE3AF610040F795 /* MockLaunchesService.swift */; };
		D2B67E312DE3AF610040F795 /* RestLaunchesService.swift in Sources */ = {isa = PBXBuildFile; fileRef = D2B67E2F2DE3AF610040F795 /* RestLaunchesService.swift */; };
		D2B67E322DE3AF610040F795 /* LaunchesService.swift in Sources */ = {isa = PBXBuildFile; fileRef = D2B67E2D2DE3AF610040F795 /* LaunchesService.swift */; };
		D2B67E382DE3B36A0040F795 /* ReqLaunchesQueryModel.swift in Sources */ = {isa = PBXBuildFile; fileRef = D2B67E372DE3B36A0040F795 /* ReqLaunchesQueryModel.swift */; };
		D2B67E3A2DE3B3900040F795 /* ResLaunchesModel.swift in Sources */ = {isa = PBXBuildFile; fileRef = D2B67E392DE3B3900040F795 /* ResLaunchesModel.swift */; };
		D2B67E3C2DE3D7780040F795 /* LaunchWebView.swift in Sources */ = {isa = PBXBuildFile; fileRef = D2B67E3B2DE3D7780040F795 /* LaunchWebView.swift */; };
		D2B67E422DE499320040F795 /* AppAssets.generated.swift in Sources */ = {isa = PBXBuildFile; fileRef = D2B67E3F2DE499320040F795 /* AppAssets.generated.swift */; };
		D2B67E492DE49C5F0040F795 /* AppAssets+SystemImage.swift in Sources */ = {isa = PBXBuildFile; fileRef = D2B67E482DE49C5F0040F795 /* AppAssets+SystemImage.swift */; };
/* End PBXBuildFile section */

/* Begin PBXCopyFilesBuildPhase section */
		D200914D2DE12C6D00484665 /* Embed Frameworks */ = {
			isa = PBXCopyFilesBuildPhase;
			buildActionMask = 2147483647;
			dstPath = "";
			dstSubfolderSpec = 10;
			files = (
			);
			name = "Embed Frameworks";
			runOnlyForDeploymentPostprocessing = 0;
		};
/* End PBXCopyFilesBuildPhase section */

/* Begin PBXFileReference section */
		D200912A2DE06CC400484665 /* RocketsModule.swift */ = {isa = PBXFileReference; lastKnownFileType = sourcecode.swift; path = RocketsModule.swift; sourceTree = "<group>"; };
		D200912D2DE06CE800484665 /* RocketsViewModel.swift */ = {isa = PBXFileReference; lastKnownFileType = sourcecode.swift; path = RocketsViewModel.swift; sourceTree = "<group>"; };
		D200912F2DE06D3600484665 /* RocketsViewState.swift */ = {isa = PBXFileReference; lastKnownFileType = sourcecode.swift; path = RocketsViewState.swift; sourceTree = "<group>"; };
		D20091312DE06D4400484665 /* RocketsUseCase.swift */ = {isa = PBXFileReference; lastKnownFileType = sourcecode.swift; path = RocketsUseCase.swift; sourceTree = "<group>"; };
		D20091332DE06D5200484665 /* RocketsRepository.swift */ = {isa = PBXFileReference; lastKnownFileType = sourcecode.swift; path = RocketsRepository.swift; sourceTree = "<group>"; };
		D20091352DE06FA900484665 /* RocketsController.swift */ = {isa = PBXFileReference; lastKnownFileType = sourcecode.swift; path = RocketsController.swift; sourceTree = "<group>"; };
		D200913A2DE0C02B00484665 /* BaseViewController.swift */ = {isa = PBXFileReference; lastKnownFileType = sourcecode.swift; path = BaseViewController.swift; sourceTree = "<group>"; };
		D200913C2DE0C0B600484665 /* RocketsView.swift */ = {isa = PBXFileReference; lastKnownFileType = sourcecode.swift; path = RocketsView.swift; sourceTree = "<group>"; };
		D20091432DE0C1CE00484665 /* BuildMethods.swift */ = {isa = PBXFileReference; lastKnownFileType = sourcecode.swift; path = BuildMethods.swift; sourceTree = "<group>"; };
		D20091462DE0C30F00484665 /* RocketCell.swift */ = {isa = PBXFileReference; lastKnownFileType = sourcecode.swift; path = RocketCell.swift; sourceTree = "<group>"; };
		D200914A2DE12B0800484665 /* ViewControllerWrapper.swift */ = {isa = PBXFileReference; lastKnownFileType = sourcecode.swift; path = ViewControllerWrapper.swift; sourceTree = "<group>"; };
		D200914F2DE1DA2200484665 /* Data+Extension.swift */ = {isa = PBXFileReference; lastKnownFileType = sourcecode.swift; path = "Data+Extension.swift"; sourceTree = "<group>"; };
		D20091502DE1DA2200484665 /* DataRequest+Extension.swift */ = {isa = PBXFileReference; lastKnownFileType = sourcecode.swift; path = "DataRequest+Extension.swift"; sourceTree = "<group>"; };
		D20091512DE1DA2200484665 /* Date+Extension.swift */ = {isa = PBXFileReference; lastKnownFileType = sourcecode.swift; path = "Date+Extension.swift"; sourceTree = "<group>"; };
		D20091522DE1DA2200484665 /* HTTPURLResponse+Extension.swift */ = {isa = PBXFileReference; lastKnownFileType = sourcecode.swift; path = "HTTPURLResponse+Extension.swift"; sourceTree = "<group>"; };
		D20091532DE1DA2200484665 /* UIDevice+Extension.swift */ = {isa = PBXFileReference; lastKnownFileType = sourcecode.swift; path = "UIDevice+Extension.swift"; sourceTree = "<group>"; };
		D20091542DE1DA2200484665 /* URL+Extension.swift */ = {isa = PBXFileReference; lastKnownFileType = sourcecode.swift; path = "URL+Extension.swift"; sourceTree = "<group>"; };
		D20091562DE1DA2200484665 /* NetworkingAuthenticator.swift */ = {isa = PBXFileReference; lastKnownFileType = sourcecode.swift; path = NetworkingAuthenticator.swift; sourceTree = "<group>"; };
		D20091572DE1DA2200484665 /* NetworkingError.swift */ = {isa = PBXFileReference; lastKnownFileType = sourcecode.swift; path = NetworkingError.swift; sourceTree = "<group>"; };
		D20091582DE1DA2200484665 /* NetworkingEventMonitor.swift */ = {isa = PBXFileReference; lastKnownFileType = sourcecode.swift; path = NetworkingEventMonitor.swift; sourceTree = "<group>"; };
		D20091592DE1DA2200484665 /* NetworkingInterceptor.swift */ = {isa = PBXFileReference; lastKnownFileType = sourcecode.swift; path = NetworkingInterceptor.swift; sourceTree = "<group>"; };
		D200915A2DE1DA2200484665 /* NetworkingSession.swift */ = {isa = PBXFileReference; lastKnownFileType = sourcecode.swift; path = NetworkingSession.swift; sourceTree = "<group>"; };
		D200915C2DE1DA2200484665 /* NetworkingRouterProtocol.swift */ = {isa = PBXFileReference; lastKnownFileType = sourcecode.swift; path = NetworkingRouterProtocol.swift; sourceTree = "<group>"; };
		D200915D2DE1DA2200484665 /* UploadRouterProtocol.swift */ = {isa = PBXFileReference; lastKnownFileType = sourcecode.swift; path = UploadRouterProtocol.swift; sourceTree = "<group>"; };
		D200915F2DE1DA2200484665 /* AuthenticatorProtocol.swift */ = {isa = PBXFileReference; lastKnownFileType = sourcecode.swift; path = AuthenticatorProtocol.swift; sourceTree = "<group>"; };
		D20091602DE1DA2200484665 /* BaseRestService.swift */ = {isa = PBXFileReference; lastKnownFileType = sourcecode.swift; path = BaseRestService.swift; sourceTree = "<group>"; };
		D20091612DE1DA2200484665 /* InterceptorProtocol.swift */ = {isa = PBXFileReference; lastKnownFileType = sourcecode.swift; path = InterceptorProtocol.swift; sourceTree = "<group>"; };
		D20091622DE1DA2200484665 /* NetworkingSessionProtocol.swift */ = {isa = PBXFileReference; lastKnownFileType = sourcecode.swift; path = NetworkingSessionProtocol.swift; sourceTree = "<group>"; };
		D20091642DE1DA2200484665 /* KeychainStore.swift */ = {isa = PBXFileReference; lastKnownFileType = sourcecode.swift; path = KeychainStore.swift; sourceTree = "<group>"; };
		D20091652DE1DA2200484665 /* StoreProtocol.swift */ = {isa = PBXFileReference; lastKnownFileType = sourcecode.swift; path = StoreProtocol.swift; sourceTree = "<group>"; };
		D20091662DE1DA2200484665 /* UserDefaultsStore.swift */ = {isa = PBXFileReference; lastKnownFileType = sourcecode.swift; path = UserDefaultsStore.swift; sourceTree = "<group>"; };
		D20091682DE1DA2200484665 /* NetworkingTokenManager.swift */ = {isa = PBXFileReference; lastKnownFileType = sourcecode.swift; path = NetworkingTokenManager.swift; sourceTree = "<group>"; };
		D20091692DE1DA2200484665 /* NetworkingTokenManagerProtocol.swift */ = {isa = PBXFileReference; lastKnownFileType = sourcecode.swift; path = NetworkingTokenManagerProtocol.swift; sourceTree = "<group>"; };
		D20091832DE1DA4400484665 /* RestClient.swift */ = {isa = PBXFileReference; lastKnownFileType = sourcecode.swift; path = RestClient.swift; sourceTree = "<group>"; };
		D20091852DE1DA6400484665 /* MockableService.swift */ = {isa = PBXFileReference; lastKnownFileType = sourcecode.swift; path = MockableService.swift; sourceTree = "<group>"; };
		D21C05E32DDE57D200E86B8F /* AppDelegate.swift */ = {isa = PBXFileReference; lastKnownFileType = sourcecode.swift; path = AppDelegate.swift; sourceTree = "<group>"; };
		D21C05E62DDE58C600E86B8F /* AppRoutes.swift */ = {isa = PBXFileReference; lastKnownFileType = sourcecode.swift; path = AppRoutes.swift; sourceTree = "<group>"; };
		D21C05EB2DDE593100E86B8F /* AppCoordinatorModule.swift */ = {isa = PBXFileReference; lastKnownFileType = sourcecode.swift; path = AppCoordinatorModule.swift; sourceTree = "<group>"; };
		D21C05EE2DDE595100E86B8F /* Container.swift */ = {isa = PBXFileReference; lastKnownFileType = sourcecode.swift; path = Container.swift; sourceTree = "<group>"; };
		D21C05F72DDE597000E86B8F /* RestContainer.swift */ = {isa = PBXFileReference; lastKnownFileType = sourcecode.swift; path = RestContainer.swift; sourceTree = "<group>"; };
		D21C05F92DDE599B00E86B8F /* AppCoordinatorViewModel.swift */ = {isa = PBXFileReference; lastKnownFileType = sourcecode.swift; path = AppCoordinatorViewModel.swift; sourceTree = "<group>"; };
		D21C05FB2DDE59A200E86B8F /* AppCoordinator.swift */ = {isa = PBXFileReference; lastKnownFileType = sourcecode.swift; path = AppCoordinator.swift; sourceTree = "<group>"; };
		D21C05FE2DDE5AD400E86B8F /* CancelBag.swift */ = {isa = PBXFileReference; lastKnownFileType = sourcecode.swift; path = CancelBag.swift; sourceTree = "<group>"; };
		D21C06062DDE5DC700E86B8F /* SplashView.swift */ = {isa = PBXFileReference; lastKnownFileType = sourcecode.swift; path = SplashView.swift; sourceTree = "<group>"; };
		D21C06082DDE5DD000E86B8F /* SignInView.swift */ = {isa = PBXFileReference; lastKnownFileType = sourcecode.swift; path = SignInView.swift; sourceTree = "<group>"; };
		D21C060A2DDE5DDC00E86B8F /* AuthViewModel.swift */ = {isa = PBXFileReference; lastKnownFileType = sourcecode.swift; path = AuthViewModel.swift; sourceTree = "<group>"; };
		D21C060C2DDE5DEA00E86B8F /* AuthViewState.swift */ = {isa = PBXFileReference; lastKnownFileType = sourcecode.swift; path = AuthViewState.swift; sourceTree = "<group>"; };
		D21C060E2DDE5DF500E86B8F /* AuthUseCase.swift */ = {isa = PBXFileReference; lastKnownFileType = sourcecode.swift; path = AuthUseCase.swift; sourceTree = "<group>"; };
		D21C06122DDE5E0400E86B8F /* AuthRepository.swift */ = {isa = PBXFileReference; lastKnownFileType = sourcecode.swift; path = AuthRepository.swift; sourceTree = "<group>"; };
		D21C06262DDE609000E86B8F /* UIApplication+Extension.swift */ = {isa = PBXFileReference; lastKnownFileType = sourcecode.swift; path = "UIApplication+Extension.swift"; sourceTree = "<group>"; };
		D21C06282DDE621600E86B8F /* AuthModule.swift */ = {isa = PBXFileReference; lastKnownFileType = sourcecode.swift; path = AuthModule.swift; sourceTree = "<group>"; };
		D21C062E2DDE950100E86B8F /* GoogleService-Info.plist */ = {isa = PBXFileReference; lastKnownFileType = text.plist.xml; path = "GoogleService-Info.plist"; sourceTree = "<group>"; };
		D21C06302DDE960C00E86B8F /* Info.plist */ = {isa = PBXFileReference; lastKnownFileType = text.plist; path = Info.plist; sourceTree = "<group>"; };
		D22434152DDD36640098C888 /* RocketsX.app */ = {isa = PBXFileReference; explicitFileType = wrapper.application; includeInIndex = 0; path = RocketsX.app; sourceTree = BUILT_PRODUCTS_DIR; };
		D22434232DDD36930098C888 /* Assets.xcassets */ = {isa = PBXFileReference; lastKnownFileType = folder.assetcatalog; path = Assets.xcassets; sourceTree = "<group>"; };
		D22434252DDD36930098C888 /* RocketsXApp.swift */ = {isa = PBXFileReference; lastKnownFileType = sourcecode.swift; path = RocketsXApp.swift; sourceTree = "<group>"; };
		D29778112DDF3EC400E54CD4 /* en */ = {isa = PBXFileReference; lastKnownFileType = text.plist.strings; name = en; path = en.lproj/Localize.strings; sourceTree = "<group>"; };
		D29778182DDFB93800E54CD4 /* AppStrings.generated.swift */ = {isa = PBXFileReference; lastKnownFileType = sourcecode.swift; path = AppStrings.generated.swift; sourceTree = "<group>"; };
		D297781B2DDFB9F700E54CD4 /* LocalizeKeys.swift */ = {isa = PBXFileReference; lastKnownFileType = sourcecode.swift; path = LocalizeKeys.swift; sourceTree = "<group>"; };
		D2B67DF02DE1E1310040F795 /* MockRocketsService.swift */ = {isa = PBXFileReference; lastKnownFileType = sourcecode.swift; path = MockRocketsService.swift; sourceTree = "<group>"; };
		D2B67DF12DE1E1310040F795 /* RestRocketsService.swift */ = {isa = PBXFileReference; lastKnownFileType = sourcecode.swift; path = RestRocketsService.swift; sourceTree = "<group>"; };
		D2B67DF22DE1E1310040F795 /* RocketsService.swift */ = {isa = PBXFileReference; lastKnownFileType = sourcecode.swift; path = RocketsService.swift; sourceTree = "<group>"; };
		D2B67DF92DE202C90040F795 /* ReqRocketsModel.swift */ = {isa = PBXFileReference; lastKnownFileType = sourcecode.swift; path = ReqRocketsModel.swift; sourceTree = "<group>"; };
		D2B67DFB2DE202E40040F795 /* ResRocketModel.swift */ = {isa = PBXFileReference; lastKnownFileType = sourcecode.swift; path = ResRocketModel.swift; sourceTree = "<group>"; };
		D2B67E0B2DE23E710040F795 /* RocketEntity.swift */ = {isa = PBXFileReference; lastKnownFileType = sourcecode.swift; path = RocketEntity.swift; sourceTree = "<group>"; };
		D2B67E0F2DE23EC70040F795 /* RocketStorage.swift */ = {isa = PBXFileReference; lastKnownFileType = sourcecode.swift; path = RocketStorage.swift; sourceTree = "<group>"; };
		D2B67E142DE33EF60040F795 /* RestAuthService.swift */ = {isa = PBXFileReference; lastKnownFileType = sourcecode.swift; path = RestAuthService.swift; sourceTree = "<group>"; };
		D2B67E192DE371F60040F795 /* LaunchesModule.swift */ = {isa = PBXFileReference; lastKnownFileType = sourcecode.swift; path = LaunchesModule.swift; sourceTree = "<group>"; };
		D2B67E1B2DE371FE0040F795 /* LaunchesViewModel.swift */ = {isa = PBXFileReference; lastKnownFileType = sourcecode.swift; path = LaunchesViewModel.swift; sourceTree = "<group>"; };
		D2B67E1D2DE372090040F795 /* LaunchesViewState.swift */ = {isa = PBXFileReference; lastKnownFileType = sourcecode.swift; path = LaunchesViewState.swift; sourceTree = "<group>"; };
		D2B67E1F2DE372140040F795 /* LaunchesUseCase.swift */ = {isa = PBXFileReference; lastKnownFileType = sourcecode.swift; path = LaunchesUseCase.swift; sourceTree = "<group>"; };
		D2B67E212DE372220040F795 /* LaunchesRepository.swift */ = {isa = PBXFileReference; lastKnownFileType = sourcecode.swift; path = LaunchesRepository.swift; sourceTree = "<group>"; };
		D2B67E232DE372300040F795 /* LaunchesView.swift */ = {isa = PBXFileReference; lastKnownFileType = sourcecode.swift; path = LaunchesView.swift; sourceTree = "<group>"; };
		D2B67E2A2DE3AECB0040F795 /* LaunchRowView.swift */ = {isa = PBXFileReference; lastKnownFileType = sourcecode.swift; path = LaunchRowView.swift; sourceTree = "<group>"; };
		D2B67E2D2DE3AF610040F795 /* LaunchesService.swift */ = {isa = PBXFileReference; lastKnownFileType = sourcecode.swift; path = LaunchesService.swift; sourceTree = "<group>"; };
		D2B67E2E2DE3AF610040F795 /* MockLaunchesService.swift */ = {isa = PBXFileReference; lastKnownFileType = sourcecode.swift; path = MockLaunchesService.swift; sourceTree = "<group>"; };
		D2B67E2F2DE3AF610040F795 /* RestLaunchesService.swift */ = {isa = PBXFileReference; lastKnownFileType = sourcecode.swift; path = RestLaunchesService.swift; sourceTree = "<group>"; };
		D2B67E372DE3B36A0040F795 /* ReqLaunchesQueryModel.swift */ = {isa = PBXFileReference; lastKnownFileType = sourcecode.swift; path = ReqLaunchesQueryModel.swift; sourceTree = "<group>"; };
		D2B67E392DE3B3900040F795 /* ResLaunchesModel.swift */ = {isa = PBXFileReference; lastKnownFileType = sourcecode.swift; path = ResLaunchesModel.swift; sourceTree = "<group>"; };
		D2B67E3B2DE3D7780040F795 /* LaunchWebView.swift */ = {isa = PBXFileReference; lastKnownFileType = sourcecode.swift; path = LaunchWebView.swift; sourceTree = "<group>"; };
		D2B67E3F2DE499320040F795 /* AppAssets.generated.swift */ = {isa = PBXFileReference; lastKnownFileType = sourcecode.swift; path = AppAssets.generated.swift; sourceTree = "<group>"; };
		D2B67E482DE49C5F0040F795 /* AppAssets+SystemImage.swift */ = {isa = PBXFileReference; lastKnownFileType = sourcecode.swift; path = "AppAssets+SystemImage.swift"; sourceTree = "<group>"; };
/* End PBXFileReference section */

/* Begin PBXFrameworksBuildPhase section */
		D22434122DDD36640098C888 /* Frameworks */ = {
			isa = PBXFrameworksBuildPhase;
			buildActionMask = 2147483647;
			files = (
				D24C3BCD2DDE52CC00A3EE00 /* FirebaseCore in Frameworks */,
				D2B67E012DE205BB0040F795 /* Alamofire in Frameworks */,
				D24C3BCB2DDE52CC00A3EE00 /* FirebaseAuth in Frameworks */,
				D21C06212DDE5F2900E86B8F /* GoogleSignInSwift in Frameworks */,
				D2B67E092DE2062B0040F795 /* KeychainAccess in Frameworks */,
				D20091402DE0C10700484665 /* SnapKit in Frameworks */,
				D21C05EA2DDE58DB00E86B8F /* FlowStacks in Frameworks */,
				D21C05F22DDE596400E86B8F /* Factory in Frameworks */,
				D2B67E062DE205F60040F795 /* JWTDecode in Frameworks */,
				D21C061F2DDE5F2900E86B8F /* GoogleSignIn in Frameworks */,
			);
			runOnlyForDeploymentPostprocessing = 0;
		};
/* End PBXFrameworksBuildPhase section */

/* Begin PBXGroup section */
		D20091292DDFEB2600484665 /* RocketsFlow */ = {
			isa = PBXGroup;
			children = (
				D200912A2DE06CC400484665 /* RocketsModule.swift */,
				D200912D2DE06CE800484665 /* RocketsViewModel.swift */,
				D200912F2DE06D3600484665 /* RocketsViewState.swift */,
				D20091312DE06D4400484665 /* RocketsUseCase.swift */,
				D20091332DE06D5200484665 /* RocketsRepository.swift */,
				D20091452DE0C2FB00484665 /* Views */,
				D200913C2DE0C0B600484665 /* RocketsView.swift */,
				D20091352DE06FA900484665 /* RocketsController.swift */,
			);
			path = RocketsFlow;
			sourceTree = "<group>";
		};
		D20091382DE0BFF800484665 /* Common */ = {
			isa = PBXGroup;
			children = (
				D20091492DE12AE500484665 /* Controllers */,
			);
			path = Common;
			sourceTree = "<group>";
		};
		D20091392DE0C00900484665 /* BaseControllers */ = {
			isa = PBXGroup;
			children = (
				D200913A2DE0C02B00484665 /* BaseViewController.swift */,
			);
			path = BaseControllers;
			sourceTree = "<group>";
		};
		D20091452DE0C2FB00484665 /* Views */ = {
			isa = PBXGroup;
			children = (
				D20091462DE0C30F00484665 /* RocketCell.swift */,
			);
			path = Views;
			sourceTree = "<group>";
		};
		D20091482DE12AC400484665 /* ControllerWrappers */ = {
			isa = PBXGroup;
			children = (
				D200914A2DE12B0800484665 /* ViewControllerWrapper.swift */,
			);
			path = ControllerWrappers;
			sourceTree = "<group>";
		};
		D20091492DE12AE500484665 /* Controllers */ = {
			isa = PBXGroup;
			children = (
				D20091482DE12AC400484665 /* ControllerWrappers */,
				D20091392DE0C00900484665 /* BaseControllers */,
			);
			path = Controllers;
			sourceTree = "<group>";
		};
		D200914E2DE1D9D500484665 /* Networking */ = {
			isa = PBXGroup;
			children = (
				D200916B2DE1DA2200484665 /* NetworkingSession */,
				D20091822DE1DA2900484665 /* Services */,
			);
			path = Networking;
			sourceTree = "<group>";
		};
		D20091552DE1DA2200484665 /* Extensions */ = {
			isa = PBXGroup;
			children = (
				D200914F2DE1DA2200484665 /* Data+Extension.swift */,
				D20091502DE1DA2200484665 /* DataRequest+Extension.swift */,
				D20091512DE1DA2200484665 /* Date+Extension.swift */,
				D20091522DE1DA2200484665 /* HTTPURLResponse+Extension.swift */,
				D20091532DE1DA2200484665 /* UIDevice+Extension.swift */,
				D20091542DE1DA2200484665 /* URL+Extension.swift */,
			);
			path = Extensions;
			sourceTree = "<group>";
		};
		D200915B2DE1DA2200484665 /* Session */ = {
			isa = PBXGroup;
			children = (
				D20091562DE1DA2200484665 /* NetworkingAuthenticator.swift */,
				D20091572DE1DA2200484665 /* NetworkingError.swift */,
				D20091582DE1DA2200484665 /* NetworkingEventMonitor.swift */,
				D20091592DE1DA2200484665 /* NetworkingInterceptor.swift */,
				D200915A2DE1DA2200484665 /* NetworkingSession.swift */,
			);
			path = Session;
			sourceTree = "<group>";
		};
		D200915E2DE1DA2200484665 /* NetworkingRouters */ = {
			isa = PBXGroup;
			children = (
				D200915C2DE1DA2200484665 /* NetworkingRouterProtocol.swift */,
				D200915D2DE1DA2200484665 /* UploadRouterProtocol.swift */,
			);
			path = NetworkingRouters;
			sourceTree = "<group>";
		};
		D20091632DE1DA2200484665 /* SessionProtocols */ = {
			isa = PBXGroup;
			children = (
				D200915E2DE1DA2200484665 /* NetworkingRouters */,
				D200915F2DE1DA2200484665 /* AuthenticatorProtocol.swift */,
				D20091602DE1DA2200484665 /* BaseRestService.swift */,
				D20091612DE1DA2200484665 /* InterceptorProtocol.swift */,
				D20091622DE1DA2200484665 /* NetworkingSessionProtocol.swift */,
			);
			path = SessionProtocols;
			sourceTree = "<group>";
		};
		D20091672DE1DA2200484665 /* Store */ = {
			isa = PBXGroup;
			children = (
				D20091642DE1DA2200484665 /* KeychainStore.swift */,
				D20091652DE1DA2200484665 /* StoreProtocol.swift */,
				D20091662DE1DA2200484665 /* UserDefaultsStore.swift */,
			);
			path = Store;
			sourceTree = "<group>";
		};
		D200916A2DE1DA2200484665 /* TokenManager */ = {
			isa = PBXGroup;
			children = (
				D20091682DE1DA2200484665 /* NetworkingTokenManager.swift */,
				D20091692DE1DA2200484665 /* NetworkingTokenManagerProtocol.swift */,
			);
			path = TokenManager;
			sourceTree = "<group>";
		};
		D200916B2DE1DA2200484665 /* NetworkingSession */ = {
			isa = PBXGroup;
			children = (
				D20091552DE1DA2200484665 /* Extensions */,
				D200915B2DE1DA2200484665 /* Session */,
				D20091632DE1DA2200484665 /* SessionProtocols */,
				D20091672DE1DA2200484665 /* Store */,
				D200916A2DE1DA2200484665 /* TokenManager */,
			);
			path = NetworkingSession;
			sourceTree = "<group>";
		};
		D20091822DE1DA2900484665 /* Services */ = {
			isa = PBXGroup;
			children = (
				D20091832DE1DA4400484665 /* RestClient.swift */,
				D20091852DE1DA6400484665 /* MockableService.swift */,
				D20091872DE1DEBD00484665 /* RocketsService */,
				D2B67E2C2DE3AF0A0040F795 /* LaunchesService */,
				D2B67E132DE33ED50040F795 /* AuthService */,
			);
			path = Services;
			sourceTree = "<group>";
		};
		D20091872DE1DEBD00484665 /* RocketsService */ = {
			isa = PBXGroup;
			children = (
				D2B67DF62DE2026F0040F795 /* Models */,
				D2B67DF22DE1E1310040F795 /* RocketsService.swift */,
				D2B67DF12DE1E1310040F795 /* RestRocketsService.swift */,
				D2B67DF02DE1E1310040F795 /* MockRocketsService.swift */,
			);
			path = RocketsService;
			sourceTree = "<group>";
		};
		D21C05E52DDE58B700E86B8F /* AppCoordinator */ = {
			isa = PBXGroup;
			children = (
				D21C05E62DDE58C600E86B8F /* AppRoutes.swift */,
				D21C05EB2DDE593100E86B8F /* AppCoordinatorModule.swift */,
				D21C05F92DDE599B00E86B8F /* AppCoordinatorViewModel.swift */,
				D21C05FB2DDE59A200E86B8F /* AppCoordinator.swift */,
			);
			path = AppCoordinator;
			sourceTree = "<group>";
		};
		D21C05ED2DDE594200E86B8F /* DI */ = {
			isa = PBXGroup;
			children = (
				D21C05EE2DDE595100E86B8F /* Container.swift */,
				D21C05F72DDE597000E86B8F /* RestContainer.swift */,
			);
			path = DI;
			sourceTree = "<group>";
		};
		D21C05FD2DDE5AC800E86B8F /* Utils */ = {
			isa = PBXGroup;
			children = (
				D21C06252DDE608500E86B8F /* UIKit+Extension */,
				D20091432DE0C1CE00484665 /* BuildMethods.swift */,
				D21C05FE2DDE5AD400E86B8F /* CancelBag.swift */,
			);
			path = Utils;
			sourceTree = "<group>";
		};
		D21C06002DDE5B1B00E86B8F /* AuthFlow */ = {
			isa = PBXGroup;
			children = (
				D21C06282DDE621600E86B8F /* AuthModule.swift */,
				D21C060A2DDE5DDC00E86B8F /* AuthViewModel.swift */,
				D21C060C2DDE5DEA00E86B8F /* AuthViewState.swift */,
				D21C060E2DDE5DF500E86B8F /* AuthUseCase.swift */,
				D21C06122DDE5E0400E86B8F /* AuthRepository.swift */,
				D21C06012DDE5BFA00E86B8F /* View */,
			);
			path = AuthFlow;
			sourceTree = "<group>";
		};
		D21C06012DDE5BFA00E86B8F /* View */ = {
			isa = PBXGroup;
			children = (
				D21C06062DDE5DC700E86B8F /* SplashView.swift */,
				D21C06082DDE5DD000E86B8F /* SignInView.swift */,
			);
			path = View;
			sourceTree = "<group>";
		};
		D21C06252DDE608500E86B8F /* UIKit+Extension */ = {
			isa = PBXGroup;
			children = (
				D21C06262DDE609000E86B8F /* UIApplication+Extension.swift */,
			);
			path = "UIKit+Extension";
			sourceTree = "<group>";
		};
		D224340C2DDD36640098C888 = {
			isa = PBXGroup;
			children = (
				D224342A2DDD36AF0098C888 /* RocketsX */,
				D24C3BC92DDE52CC00A3EE00 /* Frameworks */,
				D22434162DDD36640098C888 /* Products */,
			);
			sourceTree = "<group>";
		};
		D22434162DDD36640098C888 /* Products */ = {
			isa = PBXGroup;
			children = (
				D22434152DDD36640098C888 /* RocketsX.app */,
			);
			name = Products;
			sourceTree = "<group>";
		};
		D224342A2DDD36AF0098C888 /* RocketsX */ = {
			isa = PBXGroup;
			children = (
				D21C06302DDE960C00E86B8F /* Info.plist */,
				D21C062E2DDE950100E86B8F /* GoogleService-Info.plist */,
				D224342B2DDD36EF0098C888 /* App */,
				D21C05ED2DDE594200E86B8F /* DI */,
				D20091382DE0BFF800484665 /* Common */,
				D224342D2DDD37100098C888 /* Modules */,
				D200914E2DE1D9D500484665 /* Networking */,
				D2B67E0D2DE23E9A0040F795 /* Managers */,
				D21C05FD2DDE5AC800E86B8F /* Utils */,
				D224342C2DDD36FF0098C888 /* Resources */,
			);
			path = RocketsX;
			sourceTree = "<group>";
		};
		D224342B2DDD36EF0098C888 /* App */ = {
			isa = PBXGroup;
			children = (
				D21C05E32DDE57D200E86B8F /* AppDelegate.swift */,
				D22434252DDD36930098C888 /* RocketsXApp.swift */,
				D21C05E52DDE58B700E86B8F /* AppCoordinator */,
			);
			path = App;
			sourceTree = "<group>";
		};
		D224342C2DDD36FF0098C888 /* Resources */ = {
			isa = PBXGroup;
			children = (
				D29778192DDFB93800E54CD4 /* Generated */,
				D297780F2DDF3EA400E54CD4 /* Localized */,
				D22434232DDD36930098C888 /* Assets.xcassets */,
			);
			path = Resources;
			sourceTree = "<group>";
		};
		D224342D2DDD37100098C888 /* Modules */ = {
			isa = PBXGroup;
			children = (
				D21C06002DDE5B1B00E86B8F /* AuthFlow */,
				D20091292DDFEB2600484665 /* RocketsFlow */,
				D2B67E182DE371D50040F795 /* LaunchesFlow */,
			);
			path = Modules;
			sourceTree = "<group>";
		};
		D24C3BC92DDE52CC00A3EE00 /* Frameworks */ = {
			isa = PBXGroup;
			children = (
			);
			name = Frameworks;
			sourceTree = "<group>";
		};
		D297780F2DDF3EA400E54CD4 /* Localized */ = {
			isa = PBXGroup;
			children = (
				D29778102DDF3EC400E54CD4 /* Localize.strings */,
				D297781B2DDFB9F700E54CD4 /* LocalizeKeys.swift */,
			);
			path = Localized;
			sourceTree = "<group>";
		};
		D29778192DDFB93800E54CD4 /* Generated */ = {
			isa = PBXGroup;
			children = (
				D2B67E3F2DE499320040F795 /* AppAssets.generated.swift */,
				D2B67E482DE49C5F0040F795 /* AppAssets+SystemImage.swift */,
				D29778182DDFB93800E54CD4 /* AppStrings.generated.swift */,
			);
			path = Generated;
			sourceTree = "<group>";
		};
		D2B67DF62DE2026F0040F795 /* Models */ = {
			isa = PBXGroup;
			children = (
				D2B67DFD2DE2031A0040F795 /* RequestModels */,
				D2B67DFE2DE203270040F795 /* ResponseModels */,
			);
			path = Models;
			sourceTree = "<group>";
		};
		D2B67DFD2DE2031A0040F795 /* RequestModels */ = {
			isa = PBXGroup;
			children = (
				D2B67DF92DE202C90040F795 /* ReqRocketsModel.swift */,
			);
			path = RequestModels;
			sourceTree = "<group>";
		};
		D2B67DFE2DE203270040F795 /* ResponseModels */ = {
			isa = PBXGroup;
			children = (
				D2B67E0B2DE23E710040F795 /* RocketEntity.swift */,
				D2B67DFB2DE202E40040F795 /* ResRocketModel.swift */,
			);
			path = ResponseModels;
			sourceTree = "<group>";
		};
		D2B67E0D2DE23E9A0040F795 /* Managers */ = {
			isa = PBXGroup;
			children = (
				D2B67E0E2DE23EA30040F795 /* Storage */,
			);
			path = Managers;
			sourceTree = "<group>";
		};
		D2B67E0E2DE23EA30040F795 /* Storage */ = {
			isa = PBXGroup;
			children = (
				D2B67E0F2DE23EC70040F795 /* RocketStorage.swift */,
			);
			path = Storage;
			sourceTree = "<group>";
		};
		D2B67E132DE33ED50040F795 /* AuthService */ = {
			isa = PBXGroup;
			children = (
				D2B67E142DE33EF60040F795 /* RestAuthService.swift */,
			);
			path = AuthService;
			sourceTree = "<group>";
		};
		D2B67E182DE371D50040F795 /* LaunchesFlow */ = {
			isa = PBXGroup;
			children = (
				D2B67E192DE371F60040F795 /* LaunchesModule.swift */,
				D2B67E1B2DE371FE0040F795 /* LaunchesViewModel.swift */,
				D2B67E1D2DE372090040F795 /* LaunchesViewState.swift */,
				D2B67E1F2DE372140040F795 /* LaunchesUseCase.swift */,
				D2B67E212DE372220040F795 /* LaunchesRepository.swift */,
				D2B67E232DE372300040F795 /* LaunchesView.swift */,
				D2B67E252DE3723A0040F795 /* Views */,
			);
			path = LaunchesFlow;
			sourceTree = "<group>";
		};
		D2B67E252DE3723A0040F795 /* Views */ = {
			isa = PBXGroup;
			children = (
				D2B67E2A2DE3AECB0040F795 /* LaunchRowView.swift */,
				D2B67E3B2DE3D7780040F795 /* LaunchWebView.swift */,
			);
			path = Views;
			sourceTree = "<group>";
		};
		D2B67E2C2DE3AF0A0040F795 /* LaunchesService */ = {
			isa = PBXGroup;
			children = (
				D2B67E332DE3B3420040F795 /* RequestModels */,
				D2B67E362DE3B34B0040F795 /* ResponseModels */,
				D2B67E2D2DE3AF610040F795 /* LaunchesService.swift */,
				D2B67E2F2DE3AF610040F795 /* RestLaunchesService.swift */,
				D2B67E2E2DE3AF610040F795 /* MockLaunchesService.swift */,
			);
			path = LaunchesService;
			sourceTree = "<group>";
		};
		D2B67E332DE3B3420040F795 /* RequestModels */ = {
			isa = PBXGroup;
			children = (
				D2B67E372DE3B36A0040F795 /* ReqLaunchesQueryModel.swift */,
			);
			path = RequestModels;
			sourceTree = "<group>";
		};
		D2B67E362DE3B34B0040F795 /* ResponseModels */ = {
			isa = PBXGroup;
			children = (
				D2B67E392DE3B3900040F795 /* ResLaunchesModel.swift */,
			);
			path = ResponseModels;
			sourceTree = "<group>";
		};
/* End PBXGroup section */

/* Begin PBXNativeTarget section */
		D22434142DDD36640098C888 /* RocketsX */ = {
			isa = PBXNativeTarget;
			buildConfigurationList = D22434202DDD36660098C888 /* Build configuration list for PBXNativeTarget "RocketsX" */;
			buildPhases = (
				D29778132DDF3EE800E54CD4 /* SwiftGen */,
				D22434112DDD36640098C888 /* Sources */,
				D22434122DDD36640098C888 /* Frameworks */,
				D22434132DDD36640098C888 /* Resources */,
				D29778152DDF3F4C00E54CD4 /* Swift Lint */,
				D200914D2DE12C6D00484665 /* Embed Frameworks */,
			);
			buildRules = (
			);
			dependencies = (
			);
			name = RocketsX;
			packageProductDependencies = (
				D24C3BCA2DDE52CC00A3EE00 /* FirebaseAuth */,
				D24C3BCC2DDE52CC00A3EE00 /* FirebaseCore */,
				D21C05E92DDE58DB00E86B8F /* FlowStacks */,
				D21C05F12DDE596400E86B8F /* Factory */,
				D21C061E2DDE5F2900E86B8F /* GoogleSignIn */,
				D21C06202DDE5F2900E86B8F /* GoogleSignInSwift */,
				D200913F2DE0C10700484665 /* SnapKit */,
				D2B67E002DE205BB0040F795 /* Alamofire */,
				D2B67E052DE205F60040F795 /* JWTDecode */,
				D2B67E082DE2062B0040F795 /* KeychainAccess */,
			);
			productName = RocketsX;
			productReference = D22434152DDD36640098C888 /* RocketsX.app */;
			productType = "com.apple.product-type.application";
		};
/* End PBXNativeTarget section */

/* Begin PBXProject section */
		D224340D2DDD36640098C888 /* Project object */ = {
			isa = PBXProject;
			attributes = {
				BuildIndependentTargetsInParallel = 1;
				LastSwiftUpdateCheck = 1630;
				LastUpgradeCheck = 1630;
				TargetAttributes = {
					D22434142DDD36640098C888 = {
						CreatedOnToolsVersion = 16.3;
					};
				};
			};
			buildConfigurationList = D22434102DDD36640098C888 /* Build configuration list for PBXProject "RocketsX" */;
			developmentRegion = en;
			hasScannedForEncodings = 0;
			knownRegions = (
				en,
				Base,
			);
			mainGroup = D224340C2DDD36640098C888;
			minimizedProjectReferenceProxies = 1;
			packageReferences = (
				D24C3BBE2DDE52B800A3EE00 /* XCRemoteSwiftPackageReference "firebase-ios-sdk" */,
				D21C05E82DDE58DB00E86B8F /* XCRemoteSwiftPackageReference "FlowStacks" */,
				D21C05F02DDE596400E86B8F /* XCRemoteSwiftPackageReference "Factory" */,
				D21C061D2DDE5F2900E86B8F /* XCRemoteSwiftPackageReference "GoogleSignIn-iOS" */,
				D200913E2DE0C10700484665 /* XCRemoteSwiftPackageReference "SnapKit" */,
				D2B67DFF2DE205BB0040F795 /* XCRemoteSwiftPackageReference "Alamofire" */,
				D2B67E042DE205F60040F795 /* XCRemoteSwiftPackageReference "JWTDecode" */,
				D2B67E072DE2062B0040F795 /* XCRemoteSwiftPackageReference "KeychainAccess" */,
			);
			preferredProjectObjectVersion = 77;
			productRefGroup = D22434162DDD36640098C888 /* Products */;
			projectDirPath = "";
			projectRoot = "";
			targets = (
				D22434142DDD36640098C888 /* RocketsX */,
			);
		};
/* End PBXProject section */

/* Begin PBXResourcesBuildPhase section */
		D22434132DDD36640098C888 /* Resources */ = {
			isa = PBXResourcesBuildPhase;
			buildActionMask = 2147483647;
			files = (
				D22434262DDD36930098C888 /* Assets.xcassets in Resources */,
				D21C062F2DDE950100E86B8F /* GoogleService-Info.plist in Resources */,
				D29778122DDF3EC400E54CD4 /* Localize.strings in Resources */,
			);
			runOnlyForDeploymentPostprocessing = 0;
		};
/* End PBXResourcesBuildPhase section */

/* Begin PBXShellScriptBuildPhase section */
		D29778132DDF3EE800E54CD4 /* SwiftGen */ = {
			isa = PBXShellScriptBuildPhase;
			alwaysOutOfDate = 1;
			buildActionMask = 2147483647;
			files = (
			);
			inputFileListPaths = (
			);
			inputPaths = (
			);
			name = SwiftGen;
			outputFileListPaths = (
			);
			outputPaths = (
			);
			runOnlyForDeploymentPostprocessing = 0;
			shellPath = /bin/sh;
			shellScript = "if [ -z \"$CI\" ]; then\n    if [ -x /opt/homebrew/bin/swiftgen ]; then\n        /opt/homebrew/bin/swiftgen\n    else\n        echo \"error: 😢 SwiftGen not installed, download it from https://github.com/SwiftGen/SwiftGen\"\n    fi\nfi\n\n";
		};
		D29778152DDF3F4C00E54CD4 /* Swift Lint */ = {
			isa = PBXShellScriptBuildPhase;
			buildActionMask = 2147483647;
			files = (
			);
			inputFileListPaths = (
			);
			inputPaths = (
			);
			name = "Swift Lint";
			outputFileListPaths = (
			);
			outputPaths = (
			);
			runOnlyForDeploymentPostprocessing = 0;
			shellPath = /bin/sh;
			shellScript = "if [ -z \"$CI\" ]; then\n       if [ -x /opt/homebrew/bin/swiftgen ]; then\n        /opt/homebrew/bin/swiftgen\n    else\n        echo \"error: 😢 SwiftLint not installed, download from https://github.com/realm/SwiftLint\"\n    fi\nfi\n";
		};
/* End PBXShellScriptBuildPhase section */

/* Begin PBXSourcesBuildPhase section */
		D22434112DDD36640098C888 /* Sources */ = {
			isa = PBXSourcesBuildPhase;
			buildActionMask = 2147483647;
			files = (
				D21C060D2DDE5DEA00E86B8F /* AuthViewState.swift in Sources */,
				D297781A2DDFB93800E54CD4 /* AppStrings.generated.swift in Sources */,
				D21C06132DDE5E0400E86B8F /* AuthRepository.swift in Sources */,
				D200916C2DE1DA2200484665 /* UploadRouterProtocol.swift in Sources */,
				D200916D2DE1DA2200484665 /* Data+Extension.swift in Sources */,
				D2B67E422DE499320040F795 /* AppAssets.generated.swift in Sources */,
				D200916E2DE1DA2200484665 /* UserDefaultsStore.swift in Sources */,
				D200916F2DE1DA2200484665 /* NetworkingAuthenticator.swift in Sources */,
				D20091702DE1DA2200484665 /* UIDevice+Extension.swift in Sources */,
				D20091712DE1DA2200484665 /* NetworkingError.swift in Sources */,
				D20091722DE1DA2200484665 /* NetworkingTokenManager.swift in Sources */,
				D20091732DE1DA2200484665 /* HTTPURLResponse+Extension.swift in Sources */,
				D20091742DE1DA2200484665 /* StoreProtocol.swift in Sources */,
				D20091752DE1DA2200484665 /* KeychainStore.swift in Sources */,
				D2B67E152DE33EF60040F795 /* RestAuthService.swift in Sources */,
				D20091762DE1DA2200484665 /* NetworkingSession.swift in Sources */,
				D20091772DE1DA2200484665 /* NetworkingSessionProtocol.swift in Sources */,
				D20091782DE1DA2200484665 /* NetworkingRouterProtocol.swift in Sources */,
				D20091792DE1DA2200484665 /* InterceptorProtocol.swift in Sources */,
				D200917A2DE1DA2200484665 /* AuthenticatorProtocol.swift in Sources */,
				D200917B2DE1DA2200484665 /* NetworkingInterceptor.swift in Sources */,
				D2B67E1E2DE372090040F795 /* LaunchesViewState.swift in Sources */,
				D200917C2DE1DA2200484665 /* NetworkingEventMonitor.swift in Sources */,
				D200917D2DE1DA2200484665 /* Date+Extension.swift in Sources */,
				D200917E2DE1DA2200484665 /* NetworkingTokenManagerProtocol.swift in Sources */,
				D200917F2DE1DA2200484665 /* URL+Extension.swift in Sources */,
				D20091802DE1DA2200484665 /* BaseRestService.swift in Sources */,
				D20091812DE1DA2200484665 /* DataRequest+Extension.swift in Sources */,
				D20091342DE06D5200484665 /* RocketsRepository.swift in Sources */,
				D2B67E0C2DE23E710040F795 /* RocketEntity.swift in Sources */,
				D2B67E3A2DE3B3900040F795 /* ResLaunchesModel.swift in Sources */,
				D21C05E42DDE57D200E86B8F /* AppDelegate.swift in Sources */,
				D200913B2DE0C02B00484665 /* BaseViewController.swift in Sources */,
				D2B67E102DE23EC70040F795 /* RocketStorage.swift in Sources */,
				D21C05FA2DDE599B00E86B8F /* AppCoordinatorViewModel.swift in Sources */,
				D20091472DE0C30F00484665 /* RocketCell.swift in Sources */,
				D2B67E202DE372140040F795 /* LaunchesUseCase.swift in Sources */,
				D2B67E3C2DE3D7780040F795 /* LaunchWebView.swift in Sources */,
				D21C05EF2DDE595100E86B8F /* Container.swift in Sources */,
				D200914B2DE12B0800484665 /* ViewControllerWrapper.swift in Sources */,
				D2B67E492DE49C5F0040F795 /* AppAssets+SystemImage.swift in Sources */,
				D21C05EC2DDE593100E86B8F /* AppCoordinatorModule.swift in Sources */,
				D2B67DF32DE1E1310040F795 /* RestRocketsService.swift in Sources */,
				D2B67DF42DE1E1310040F795 /* MockRocketsService.swift in Sources */,
				D2B67DF52DE1E1310040F795 /* RocketsService.swift in Sources */,
				D20091862DE1DA6400484665 /* MockableService.swift in Sources */,
				D297781C2DDFB9F700E54CD4 /* LocalizeKeys.swift in Sources */,
				D2B67E382DE3B36A0040F795 /* ReqLaunchesQueryModel.swift in Sources */,
				D21C05E72DDE58C600E86B8F /* AppRoutes.swift in Sources */,
				D22434272DDD36930098C888 /* RocketsXApp.swift in Sources */,
				D20091362DE06FA900484665 /* RocketsController.swift in Sources */,
				D21C05FF2DDE5AD400E86B8F /* CancelBag.swift in Sources */,
				D21C06072DDE5DC700E86B8F /* SplashView.swift in Sources */,
				D20091842DE1DA4400484665 /* RestClient.swift in Sources */,
				D20091302DE06D3600484665 /* RocketsViewState.swift in Sources */,
				D2B67E302DE3AF610040F795 /* MockLaunchesService.swift in Sources */,
				D2B67E312DE3AF610040F795 /* RestLaunchesService.swift in Sources */,
				D2B67E322DE3AF610040F795 /* LaunchesService.swift in Sources */,
				D2B67E222DE372220040F795 /* LaunchesRepository.swift in Sources */,
				D2B67DFC2DE202E40040F795 /* ResRocketModel.swift in Sources */,
				D2B67E2B2DE3AECB0040F795 /* LaunchRowView.swift in Sources */,
				D2B67E1C2DE371FE0040F795 /* LaunchesViewModel.swift in Sources */,
				D21C060F2DDE5DF500E86B8F /* AuthUseCase.swift in Sources */,
				D2B67DFA2DE202C90040F795 /* ReqRocketsModel.swift in Sources */,
				D200913D2DE0C0B600484665 /* RocketsView.swift in Sources */,
				D200912E2DE06CE800484665 /* RocketsViewModel.swift in Sources */,
				D200912B2DE06CC400484665 /* RocketsModule.swift in Sources */,
				D21C06272DDE609000E86B8F /* UIApplication+Extension.swift in Sources */,
				D21C060B2DDE5DDC00E86B8F /* AuthViewModel.swift in Sources */,
				D20091442DE0C1CE00484665 /* BuildMethods.swift in Sources */,
				D20091322DE06D4400484665 /* RocketsUseCase.swift in Sources */,
				D2B67E1A2DE371F60040F795 /* LaunchesModule.swift in Sources */,
				D21C06292DDE621600E86B8F /* AuthModule.swift in Sources */,
				D21C05FC2DDE59A200E86B8F /* AppCoordinator.swift in Sources */,
				D21C06092DDE5DD000E86B8F /* SignInView.swift in Sources */,
				D21C05F82DDE597000E86B8F /* RestContainer.swift in Sources */,
				D2B67E242DE372300040F795 /* LaunchesView.swift in Sources */,
			);
			runOnlyForDeploymentPostprocessing = 0;
		};
/* End PBXSourcesBuildPhase section */

/* Begin PBXVariantGroup section */
		D29778102DDF3EC400E54CD4 /* Localize.strings */ = {
			isa = PBXVariantGroup;
			children = (
				D29778112DDF3EC400E54CD4 /* en */,
			);
			name = Localize.strings;
			sourceTree = "<group>";
		};
/* End PBXVariantGroup section */

/* Begin XCBuildConfiguration section */
		D224341E2DDD36660098C888 /* Debug */ = {
			isa = XCBuildConfiguration;
			buildSettings = {
				ALWAYS_SEARCH_USER_PATHS = NO;
				ASSETCATALOG_COMPILER_GENERATE_SWIFT_ASSET_SYMBOL_EXTENSIONS = YES;
				CLANG_ANALYZER_NONNULL = YES;
				CLANG_ANALYZER_NUMBER_OBJECT_CONVERSION = YES_AGGRESSIVE;
				CLANG_CXX_LANGUAGE_STANDARD = "gnu++20";
				CLANG_ENABLE_MODULES = YES;
				CLANG_ENABLE_OBJC_ARC = YES;
				CLANG_ENABLE_OBJC_WEAK = YES;
				CLANG_WARN_BLOCK_CAPTURE_AUTORELEASING = YES;
				CLANG_WARN_BOOL_CONVERSION = YES;
				CLANG_WARN_COMMA = YES;
				CLANG_WARN_CONSTANT_CONVERSION = YES;
				CLANG_WARN_DEPRECATED_OBJC_IMPLEMENTATIONS = YES;
				CLANG_WARN_DIRECT_OBJC_ISA_USAGE = YES_ERROR;
				CLANG_WARN_DOCUMENTATION_COMMENTS = YES;
				CLANG_WARN_EMPTY_BODY = YES;
				CLANG_WARN_ENUM_CONVERSION = YES;
				CLANG_WARN_INFINITE_RECURSION = YES;
				CLANG_WARN_INT_CONVERSION = YES;
				CLANG_WARN_NON_LITERAL_NULL_CONVERSION = YES;
				CLANG_WARN_OBJC_IMPLICIT_RETAIN_SELF = YES;
				CLANG_WARN_OBJC_LITERAL_CONVERSION = YES;
				CLANG_WARN_OBJC_ROOT_CLASS = YES_ERROR;
				CLANG_WARN_QUOTED_INCLUDE_IN_FRAMEWORK_HEADER = YES;
				CLANG_WARN_RANGE_LOOP_ANALYSIS = YES;
				CLANG_WARN_STRICT_PROTOTYPES = YES;
				CLANG_WARN_SUSPICIOUS_MOVE = YES;
				CLANG_WARN_UNGUARDED_AVAILABILITY = YES_AGGRESSIVE;
				CLANG_WARN_UNREACHABLE_CODE = YES;
				CLANG_WARN__DUPLICATE_METHOD_MATCH = YES;
				COPY_PHASE_STRIP = NO;
				DEBUG_INFORMATION_FORMAT = dwarf;
				DEVELOPMENT_TEAM = 32MW45ALLS;
				ENABLE_STRICT_OBJC_MSGSEND = YES;
				ENABLE_TESTABILITY = YES;
				ENABLE_USER_SCRIPT_SANDBOXING = NO;
				GCC_C_LANGUAGE_STANDARD = gnu17;
				GCC_DYNAMIC_NO_PIC = NO;
				GCC_NO_COMMON_BLOCKS = YES;
				GCC_OPTIMIZATION_LEVEL = 0;
				GCC_PREPROCESSOR_DEFINITIONS = (
					"DEBUG=1",
					"$(inherited)",
				);
				GCC_WARN_64_TO_32_BIT_CONVERSION = YES;
				GCC_WARN_ABOUT_RETURN_TYPE = YES_ERROR;
				GCC_WARN_UNDECLARED_SELECTOR = YES;
				GCC_WARN_UNINITIALIZED_AUTOS = YES_AGGRESSIVE;
				GCC_WARN_UNUSED_FUNCTION = YES;
				GCC_WARN_UNUSED_VARIABLE = YES;
				IPHONEOS_DEPLOYMENT_TARGET = 18.4;
				LOCALIZATION_PREFERS_STRING_CATALOGS = YES;
				MTL_ENABLE_DEBUG_INFO = INCLUDE_SOURCE;
				MTL_FAST_MATH = YES;
				ONLY_ACTIVE_ARCH = YES;
				SDKROOT = iphoneos;
				SWIFT_ACTIVE_COMPILATION_CONDITIONS = "DEBUG $(inherited)";
				SWIFT_OPTIMIZATION_LEVEL = "-Onone";
			};
			name = Debug;
		};
		D224341F2DDD36660098C888 /* Release */ = {
			isa = XCBuildConfiguration;
			buildSettings = {
				ALWAYS_SEARCH_USER_PATHS = NO;
				ASSETCATALOG_COMPILER_GENERATE_SWIFT_ASSET_SYMBOL_EXTENSIONS = YES;
				CLANG_ANALYZER_NONNULL = YES;
				CLANG_ANALYZER_NUMBER_OBJECT_CONVERSION = YES_AGGRESSIVE;
				CLANG_CXX_LANGUAGE_STANDARD = "gnu++20";
				CLANG_ENABLE_MODULES = YES;
				CLANG_ENABLE_OBJC_ARC = YES;
				CLANG_ENABLE_OBJC_WEAK = YES;
				CLANG_WARN_BLOCK_CAPTURE_AUTORELEASING = YES;
				CLANG_WARN_BOOL_CONVERSION = YES;
				CLANG_WARN_COMMA = YES;
				CLANG_WARN_CONSTANT_CONVERSION = YES;
				CLANG_WARN_DEPRECATED_OBJC_IMPLEMENTATIONS = YES;
				CLANG_WARN_DIRECT_OBJC_ISA_USAGE = YES_ERROR;
				CLANG_WARN_DOCUMENTATION_COMMENTS = YES;
				CLANG_WARN_EMPTY_BODY = YES;
				CLANG_WARN_ENUM_CONVERSION = YES;
				CLANG_WARN_INFINITE_RECURSION = YES;
				CLANG_WARN_INT_CONVERSION = YES;
				CLANG_WARN_NON_LITERAL_NULL_CONVERSION = YES;
				CLANG_WARN_OBJC_IMPLICIT_RETAIN_SELF = YES;
				CLANG_WARN_OBJC_LITERAL_CONVERSION = YES;
				CLANG_WARN_OBJC_ROOT_CLASS = YES_ERROR;
				CLANG_WARN_QUOTED_INCLUDE_IN_FRAMEWORK_HEADER = YES;
				CLANG_WARN_RANGE_LOOP_ANALYSIS = YES;
				CLANG_WARN_STRICT_PROTOTYPES = YES;
				CLANG_WARN_SUSPICIOUS_MOVE = YES;
				CLANG_WARN_UNGUARDED_AVAILABILITY = YES_AGGRESSIVE;
				CLANG_WARN_UNREACHABLE_CODE = YES;
				CLANG_WARN__DUPLICATE_METHOD_MATCH = YES;
				COPY_PHASE_STRIP = NO;
				DEBUG_INFORMATION_FORMAT = "dwarf-with-dsym";
				DEVELOPMENT_TEAM = 32MW45ALLS;
				ENABLE_NS_ASSERTIONS = NO;
				ENABLE_STRICT_OBJC_MSGSEND = YES;
				ENABLE_USER_SCRIPT_SANDBOXING = NO;
				GCC_C_LANGUAGE_STANDARD = gnu17;
				GCC_NO_COMMON_BLOCKS = YES;
				GCC_WARN_64_TO_32_BIT_CONVERSION = YES;
				GCC_WARN_ABOUT_RETURN_TYPE = YES_ERROR;
				GCC_WARN_UNDECLARED_SELECTOR = YES;
				GCC_WARN_UNINITIALIZED_AUTOS = YES_AGGRESSIVE;
				GCC_WARN_UNUSED_FUNCTION = YES;
				GCC_WARN_UNUSED_VARIABLE = YES;
				IPHONEOS_DEPLOYMENT_TARGET = 18.4;
				LOCALIZATION_PREFERS_STRING_CATALOGS = YES;
				MTL_ENABLE_DEBUG_INFO = NO;
				MTL_FAST_MATH = YES;
				SDKROOT = iphoneos;
				SWIFT_COMPILATION_MODE = wholemodule;
				VALIDATE_PRODUCT = YES;
			};
			name = Release;
		};
		D22434212DDD36660098C888 /* Debug */ = {
			isa = XCBuildConfiguration;
			buildSettings = {
				ASSETCATALOG_COMPILER_APPICON_NAME = AppIcon;
				ASSETCATALOG_COMPILER_GLOBAL_ACCENT_COLOR_NAME = AccentColor;
				CODE_SIGN_STYLE = Automatic;
				CURRENT_PROJECT_VERSION = 1;
				DEVELOPMENT_TEAM = 32MW45ALLS;
				ENABLE_PREVIEWS = YES;
				ENABLE_USER_SCRIPT_SANDBOXING = NO;
				GENERATE_INFOPLIST_FILE = YES;
				INFOPLIST_FILE = RocketsX/Info.plist;
				INFOPLIST_KEY_LSApplicationCategoryType = "";
				INFOPLIST_KEY_UIApplicationSceneManifest_Generation = YES;
				INFOPLIST_KEY_UIApplicationSupportsIndirectInputEvents = YES;
				INFOPLIST_KEY_UILaunchScreen_Generation = YES;
				INFOPLIST_KEY_UISupportedInterfaceOrientations_iPad = "UIInterfaceOrientationPortrait UIInterfaceOrientationPortraitUpsideDown UIInterfaceOrientationLandscapeLeft UIInterfaceOrientationLandscapeRight";
				INFOPLIST_KEY_UISupportedInterfaceOrientations_iPhone = "UIInterfaceOrientationPortrait UIInterfaceOrientationLandscapeLeft UIInterfaceOrientationLandscapeRight";
				IPHONEOS_DEPLOYMENT_TARGET = 17;
				LD_RUNPATH_SEARCH_PATHS = (
					"$(inherited)",
					"@executable_path/Frameworks",
				);
				MARKETING_VERSION = 1.0;
				PRODUCT_BUNDLE_IDENTIFIER = "morrterry2021-gmail.com.RocketsX";
				PRODUCT_NAME = "$(TARGET_NAME)";
				SWIFT_EMIT_LOC_STRINGS = YES;
				SWIFT_VERSION = 5.0;
				TARGETED_DEVICE_FAMILY = "1,2";
			};
			name = Debug;
		};
		D22434222DDD36660098C888 /* Release */ = {
			isa = XCBuildConfiguration;
			buildSettings = {
				ASSETCATALOG_COMPILER_APPICON_NAME = AppIcon;
				ASSETCATALOG_COMPILER_GLOBAL_ACCENT_COLOR_NAME = AccentColor;
				CODE_SIGN_STYLE = Automatic;
				CURRENT_PROJECT_VERSION = 1;
				DEVELOPMENT_TEAM = 32MW45ALLS;
				ENABLE_PREVIEWS = YES;
				ENABLE_USER_SCRIPT_SANDBOXING = NO;
				GENERATE_INFOPLIST_FILE = YES;
				INFOPLIST_FILE = RocketsX/Info.plist;
				INFOPLIST_KEY_LSApplicationCategoryType = "";
				INFOPLIST_KEY_UIApplicationSceneManifest_Generation = YES;
				INFOPLIST_KEY_UIApplicationSupportsIndirectInputEvents = YES;
				INFOPLIST_KEY_UILaunchScreen_Generation = YES;
				INFOPLIST_KEY_UISupportedInterfaceOrientations_iPad = "UIInterfaceOrientationPortrait UIInterfaceOrientationPortraitUpsideDown UIInterfaceOrientationLandscapeLeft UIInterfaceOrientationLandscapeRight";
				INFOPLIST_KEY_UISupportedInterfaceOrientations_iPhone = "UIInterfaceOrientationPortrait UIInterfaceOrientationLandscapeLeft UIInterfaceOrientationLandscapeRight";
				IPHONEOS_DEPLOYMENT_TARGET = 17;
				LD_RUNPATH_SEARCH_PATHS = (
					"$(inherited)",
					"@executable_path/Frameworks",
				);
				MARKETING_VERSION = 1.0;
				PRODUCT_BUNDLE_IDENTIFIER = "morrterry2021-gmail.com.RocketsX";
				PRODUCT_NAME = "$(TARGET_NAME)";
				SWIFT_EMIT_LOC_STRINGS = YES;
				SWIFT_VERSION = 5.0;
				TARGETED_DEVICE_FAMILY = "1,2";
			};
			name = Release;
		};
/* End XCBuildConfiguration section */

/* Begin XCConfigurationList section */
		D22434102DDD36640098C888 /* Build configuration list for PBXProject "RocketsX" */ = {
			isa = XCConfigurationList;
			buildConfigurations = (
				D224341E2DDD36660098C888 /* Debug */,
				D224341F2DDD36660098C888 /* Release */,
			);
			defaultConfigurationIsVisible = 0;
			defaultConfigurationName = Release;
		};
		D22434202DDD36660098C888 /* Build configuration list for PBXNativeTarget "RocketsX" */ = {
			isa = XCConfigurationList;
			buildConfigurations = (
				D22434212DDD36660098C888 /* Debug */,
				D22434222DDD36660098C888 /* Release */,
			);
			defaultConfigurationIsVisible = 0;
			defaultConfigurationName = Release;
		};
/* End XCConfigurationList section */

/* Begin XCRemoteSwiftPackageReference section */
		D200913E2DE0C10700484665 /* XCRemoteSwiftPackageReference "SnapKit" */ = {
			isa = XCRemoteSwiftPackageReference;
			repositoryURL = "https://github.com/SnapKit/SnapKit.git";
			requirement = {
				kind = exactVersion;
				version = 5.7.1;
			};
		};
		D21C05E82DDE58DB00E86B8F /* XCRemoteSwiftPackageReference "FlowStacks" */ = {
			isa = XCRemoteSwiftPackageReference;
			repositoryURL = "https://github.com/johnpatrickmorgan/FlowStacks";
			requirement = {
				kind = exactVersion;
				version = 0.4.0;
			};
		};
		D21C05F02DDE596400E86B8F /* XCRemoteSwiftPackageReference "Factory" */ = {
			isa = XCRemoteSwiftPackageReference;
			repositoryURL = "https://github.com/hmlongco/Factory";
			requirement = {
				kind = exactVersion;
				version = 2.2.0;
			};
		};
		D21C061D2DDE5F2900E86B8F /* XCRemoteSwiftPackageReference "GoogleSignIn-iOS" */ = {
			isa = XCRemoteSwiftPackageReference;
			repositoryURL = "https://github.com/google/GoogleSignIn-iOS";
			requirement = {
				kind = exactVersion;
				version = 8.0.0;
			};
		};
		D24C3BBE2DDE52B800A3EE00 /* XCRemoteSwiftPackageReference "firebase-ios-sdk" */ = {
			isa = XCRemoteSwiftPackageReference;
			repositoryURL = "https://github.com/firebase/firebase-ios-sdk";
			requirement = {
				kind = exactVersion;
				version = 11.13.0;
			};
		};
		D2B67DFF2DE205BB0040F795 /* XCRemoteSwiftPackageReference "Alamofire" */ = {
			isa = XCRemoteSwiftPackageReference;
			repositoryURL = "https://github.com/Alamofire/Alamofire";
			requirement = {
				kind = exactVersion;
				version = 5.7.1;
			};
		};
		D2B67E042DE205F60040F795 /* XCRemoteSwiftPackageReference "JWTDecode" */ = {
			isa = XCRemoteSwiftPackageReference;
			repositoryURL = "https://github.com/auth0/JWTDecode.swift";
			requirement = {
				kind = exactVersion;
				version = 3.3.0;
			};
		};
		D2B67E072DE2062B0040F795 /* XCRemoteSwiftPackageReference "KeychainAccess" */ = {
			isa = XCRemoteSwiftPackageReference;
			repositoryURL = "https://github.com/kishikawakatsumi/KeychainAccess";
			requirement = {
				kind = exactVersion;
				version = 4.2.2;
			};
		};
/* End XCRemoteSwiftPackageReference section */

/* Begin XCSwiftPackageProductDependency section */
		D200913F2DE0C10700484665 /* SnapKit */ = {
			isa = XCSwiftPackageProductDependency;
			package = D200913E2DE0C10700484665 /* XCRemoteSwiftPackageReference "SnapKit" */;
			productName = SnapKit;
		};
		D21C05E92DDE58DB00E86B8F /* FlowStacks */ = {
			isa = XCSwiftPackageProductDependency;
			package = D21C05E82DDE58DB00E86B8F /* XCRemoteSwiftPackageReference "FlowStacks" */;
			productName = FlowStacks;
		};
		D21C05F12DDE596400E86B8F /* Factory */ = {
			isa = XCSwiftPackageProductDependency;
			package = D21C05F02DDE596400E86B8F /* XCRemoteSwiftPackageReference "Factory" */;
			productName = Factory;
		};
		D21C061E2DDE5F2900E86B8F /* GoogleSignIn */ = {
			isa = XCSwiftPackageProductDependency;
			package = D21C061D2DDE5F2900E86B8F /* XCRemoteSwiftPackageReference "GoogleSignIn-iOS" */;
			productName = GoogleSignIn;
		};
		D21C06202DDE5F2900E86B8F /* GoogleSignInSwift */ = {
			isa = XCSwiftPackageProductDependency;
			package = D21C061D2DDE5F2900E86B8F /* XCRemoteSwiftPackageReference "GoogleSignIn-iOS" */;
			productName = GoogleSignInSwift;
		};
		D24C3BCA2DDE52CC00A3EE00 /* FirebaseAuth */ = {
			isa = XCSwiftPackageProductDependency;
			package = D24C3BBE2DDE52B800A3EE00 /* XCRemoteSwiftPackageReference "firebase-ios-sdk" */;
			productName = FirebaseAuth;
		};
		D24C3BCC2DDE52CC00A3EE00 /* FirebaseCore */ = {
			isa = XCSwiftPackageProductDependency;
			package = D24C3BBE2DDE52B800A3EE00 /* XCRemoteSwiftPackageReference "firebase-ios-sdk" */;
			productName = FirebaseCore;
		};
		D2B67E002DE205BB0040F795 /* Alamofire */ = {
			isa = XCSwiftPackageProductDependency;
			package = D2B67DFF2DE205BB0040F795 /* XCRemoteSwiftPackageReference "Alamofire" */;
			productName = Alamofire;
		};
		D2B67E052DE205F60040F795 /* JWTDecode */ = {
			isa = XCSwiftPackageProductDependency;
			package = D2B67E042DE205F60040F795 /* XCRemoteSwiftPackageReference "JWTDecode" */;
			productName = JWTDecode;
		};
		D2B67E082DE2062B0040F795 /* KeychainAccess */ = {
			isa = XCSwiftPackageProductDependency;
			package = D2B67E072DE2062B0040F795 /* XCRemoteSwiftPackageReference "KeychainAccess" */;
			productName = KeychainAccess;
		};
/* End XCSwiftPackageProductDependency section */
	};
	rootObject = D224340D2DDD36640098C888 /* Project object */;
}
